
Microsoft Visual Studio Solution File, Format Version 12.00
# Visual Studio Version 17
VisualStudioVersion = 17.7.34031.279
MinimumVisualStudioVersion = 10.0.40219.1
Project("{FAE04EC0-301F-11D3-BF4B-00C04F79EFBC}") = "bai4", "bai4\bai4.csproj", "{D448AB35-61BD-406E-8BB0-F79E86D77DCF}"
EndProject
Global
	GlobalSection(SolutionConfigurationPlatforms) = preSolution
		Debug|Any CPU = Debug|Any CPU
		Release|Any CPU = Release|Any CPU
	EndGlobalSection
	GlobalSection(ProjectConfigurationPlatforms) = postSolution
		{D448AB35-61BD-406E-8BB0-F79E86D77DCF}.Debug|Any CPU.ActiveCfg = Debug|Any CPU
		{D448AB35-61BD-406E-8BB0-F79E86D77DCF}.Debug|Any CPU.Build.0 = Debug|Any CPU
		{D448AB35-61BD-406E-8BB0-F79E86D77DCF}.Release|Any CPU.ActiveCfg = Release|Any CPU
		{D448AB35-61BD-406E-8BB0-F79E86D77DCF}.Release|Any CPU.Build.0 = Release|Any CPU
	EndGlobalSection
	GlobalSection(SolutionProperties) = preSolution
		HideSolutionNode = FALSE
	EndGlobalSection
	GlobalSection(ExtensibilityGlobals) = postSolution
		SolutionGuid = {DEC591D2-5EF3-4333-890C-96B8F075F916}
	EndGlobalSection
EndGlobal
