
Microsoft Visual Studio Solution File, Format Version 12.00
# Visual Studio Version 17
VisualStudioVersion = 17.7.34031.279
MinimumVisualStudioVersion = 10.0.40219.1
Project("{FAE04EC0-301F-11D3-BF4B-00C04F79EFBC}") = "GenericList", "GenericList\GenericList.csproj", "{84815820-D9BD-4D50-A810-44C1036900A5}"
EndProject
Global
	GlobalSection(SolutionConfigurationPlatforms) = preSolution
		Debug|Any CPU = Debug|Any CPU
		Release|Any CPU = Release|Any CPU
	EndGlobalSection
	GlobalSection(ProjectConfigurationPlatforms) = postSolution
		{84815820-D9BD-4D50-A810-44C1036900A5}.Debug|Any CPU.ActiveCfg = Debug|Any CPU
		{84815820-D9BD-4D50-A810-44C1036900A5}.Debug|Any CPU.Build.0 = Debug|Any CPU
		{84815820-D9BD-4D50-A810-44C1036900A5}.Release|Any CPU.ActiveCfg = Release|Any CPU
		{84815820-D9BD-4D50-A810-44C1036900A5}.Release|Any CPU.Build.0 = Release|Any CPU
	EndGlobalSection
	GlobalSection(SolutionProperties) = preSolution
		HideSolutionNode = FALSE
	EndGlobalSection
	GlobalSection(ExtensibilityGlobals) = postSolution
		SolutionGuid = {55ECD6F6-A49F-4C66-AF34-8AFC37CE7FC6}
	EndGlobalSection
EndGlobal
