
Microsoft Visual Studio Solution File, Format Version 12.00
# Visual Studio Version 17
VisualStudioVersion = 17.7.34031.279
MinimumVisualStudioVersion = 10.0.40219.1
Project("{FAE04EC0-301F-11D3-BF4B-00C04F79EFBC}") = "bai1", "bai1\bai1.csproj", "{22DCA72C-9B38-414D-9037-1D54528116FF}"
EndProject
Global
	GlobalSection(SolutionConfigurationPlatforms) = preSolution
		Debug|Any CPU = Debug|Any CPU
		Release|Any CPU = Release|Any CPU
	EndGlobalSection
	GlobalSection(ProjectConfigurationPlatforms) = postSolution
		{22DCA72C-9B38-414D-9037-1D54528116FF}.Debug|Any CPU.ActiveCfg = Debug|Any CPU
		{22DCA72C-9B38-414D-9037-1D54528116FF}.Debug|Any CPU.Build.0 = Debug|Any CPU
		{22DCA72C-9B38-414D-9037-1D54528116FF}.Release|Any CPU.ActiveCfg = Release|Any CPU
		{22DCA72C-9B38-414D-9037-1D54528116FF}.Release|Any CPU.Build.0 = Release|Any CPU
	EndGlobalSection
	GlobalSection(SolutionProperties) = preSolution
		HideSolutionNode = FALSE
	EndGlobalSection
	GlobalSection(ExtensibilityGlobals) = postSolution
		SolutionGuid = {68D24D70-B5F0-4FA3-AD1C-2F29CF713246}
	EndGlobalSection
EndGlobal
